// !$*UTF8*$!
{
	archiveVersion = 1;
	classes = {
	};
	objectVersion = 56;
	objects = {

/* Begin PBXBuildFile section */
		AF0340A52BE9C7DB00C16D81 /* AppDelegate.swift in Sources */ = {isa = PBXBuildFile; fileRef = AF0340A42BE9C7DB00C16D81 /* AppDelegate.swift */; };
		AF0340A72BE9C7DB00C16D81 /* SceneDelegate.swift in Sources */ = {isa = PBXBuildFile; fileRef = AF0340A62BE9C7DB00C16D81 /* SceneDelegate.swift */; };
		AF0340A92BE9C7DB00C16D81 /* ViewController.swift in Sources */ = {isa = PBXBuildFile; fileRef = AF0340A82BE9C7DB00C16D81 /* ViewController.swift */; };
		AF0340AC2BE9C7DB00C16D81 /* Base in Resources */ = {isa = PBXBuildFile; fileRef = AF0340AB2BE9C7DB00C16D81 /* Base */; };
		AF0340AE2BE9C7DC00C16D81 /* Assets.xcassets in Resources */ = {isa = PBXBuildFile; fileRef = AF0340AD2BE9C7DC00C16D81 /* Assets.xcassets */; };
		AF0340B12BE9C7DC00C16D81 /* Base in Resources */ = {isa = PBXBuildFile; fileRef = AF0340B02BE9C7DC00C16D81 /* Base */; };
		AF0340B92BE9C96100C16D81 /* PageViewController.swift in Sources */ = {isa = PBXBuildFile; fileRef = AF0340B82BE9C96100C16D81 /* PageViewController.swift */; };
		AF0340BD2BE9CCFA00C16D81 /* SecondViewController.swift in Sources */ = {isa = PBXBuildFile; fileRef = AF0340BC2BE9CCFA00C16D81 /* SecondViewController.swift */; };
		AF0340BF2BE9CD1000C16D81 /* ThirdViewController.swift in Sources */ = {isa = PBXBuildFile; fileRef = AF0340BE2BE9CD1000C16D81 /* ThirdViewController.swift */; };
/* End PBXBuildFile section */

/* Begin PBXFileReference section */
		AF0340A12BE9C7DB00C16D81 /* PageControllerStoryboards.app */ = {isa = PBXFileReference; explicitFileType = wrapper.application; includeInIndex = 0; path = PageControllerStoryboards.app; sourceTree = BUILT_PRODUCTS_DIR; };
		AF0340A42BE9C7DB00C16D81 /* AppDelegate.swift */ = {isa = PBXFileReference; lastKnownFileType = sourcecode.swift; path = AppDelegate.swift; sourceTree = "<group>"; };
		AF0340A62BE9C7DB00C16D81 /* SceneDelegate.swift */ = {isa = PBXFileReference; lastKnownFileType = sourcecode.swift; path = SceneDelegate.swift; sourceTree = "<group>"; };
		AF0340A82BE9C7DB00C16D81 /* ViewController.swift */ = {isa = PBXFileReference; lastKnownFileType = sourcecode.swift; path = ViewController.swift; sourceTree = "<group>"; };
		AF0340AB2BE9C7DB00C16D81 /* Base */ = {isa = PBXFileReference; lastKnownFileType = file.storyboard; name = Base; path = Base.lproj/Main.storyboard; sourceTree = "<group>"; };
		AF0340AD2BE9C7DC00C16D81 /* Assets.xcassets */ = {isa = PBXFileReference; lastKnownFileType = folder.assetcatalog; path = Assets.xcassets; sourceTree = "<group>"; };
		AF0340B02BE9C7DC00C16D81 /* Base */ = {isa = PBXFileReference; lastKnownFileType = file.storyboard; name = Base; path = Base.lproj/LaunchScreen.storyboard; sourceTree = "<group>"; };
		AF0340B22BE9C7DC00C16D81 /* Info.plist */ = {isa = PBXFileReference; lastKnownFileType = text.plist.xml; path = Info.plist; sourceTree = "<group>"; };
		AF0340B82BE9C96100C16D81 /* PageViewController.swift */ = {isa = PBXFileReference; lastKnownFileType = sourcecode.swift; path = PageViewController.swift; sourceTree = "<group>"; };
		AF0340BC2BE9CCFA00C16D81 /* SecondViewController.swift */ = {isa = PBXFileReference; lastKnownFileType = sourcecode.swift; path = SecondViewController.swift; sourceTree = "<group>"; };
		AF0340BE2BE9CD1000C16D81 /* ThirdViewController.swift */ = {isa = PBXFileReference; lastKnownFileType = sourcecode.swift; path = ThirdViewController.swift; sourceTree = "<group>"; };
/* End PBXFileReference section */

/* Begin PBXFrameworksBuildPhase section */
		AF03409E2BE9C7DB00C16D81 /* Frameworks */ = {
			isa = PBXFrameworksBuildPhase;
			buildActionMask = 2147483647;
			files = (
			);
			runOnlyForDeploymentPostprocessing = 0;
		};
/* End PBXFrameworksBuildPhase section */

/* Begin PBXGroup section */
		AF0340982BE9C7DB00C16D81 = {
			isa = PBXGroup;
			children = (
				AF0340A32BE9C7DB00C16D81 /* PageControllerStoryboards */,
				AF0340A22BE9C7DB00C16D81 /* Products */,
			);
			sourceTree = "<group>";
		};
		AF0340A22BE9C7DB00C16D81 /* Products */ = {
			isa = PBXGroup;
			children = (
				AF0340A12BE9C7DB00C16D81 /* PageControllerStoryboards.app */,
			);
			name = Products;
			sourceTree = "<group>";
		};
		AF0340A32BE9C7DB00C16D81 /* PageControllerStoryboards */ = {
			isa = PBXGroup;
			children = (
				AF0340A42BE9C7DB00C16D81 /* AppDelegate.swift */,
				AF0340A62BE9C7DB00C16D81 /* SceneDelegate.swift */,
				AF0340AA2BE9C7DB00C16D81 /* Main.storyboard */,
				AF0340BC2BE9CCFA00C16D81 /* SecondViewController.swift */,
				AF0340BE2BE9CD1000C16D81 /* ThirdViewController.swift */,
				AF0340A82BE9C7DB00C16D81 /* ViewController.swift */,
				AF0340B82BE9C96100C16D81 /* PageViewController.swift */,
				AF0340AD2BE9C7DC00C16D81 /* Assets.xcassets */,
				AF0340AF2BE9C7DC00C16D81 /* LaunchScreen.storyboard */,
				AF0340B22BE9C7DC00C16D81 /* Info.plist */,
			);
			path = PageControllerStoryboards;
			sourceTree = "<group>";
		};
/* End PBXGroup section */

/* Begin PBXNativeTarget section */
		AF0340A02BE9C7DB00C16D81 /* PageControllerStoryboards */ = {
			isa = PBXNativeTarget;
			buildConfigurationList = AF0340B52BE9C7DC00C16D81 /* Build configuration list for PBXNativeTarget "PageControllerStoryboards" */;
			buildPhases = (
				AF03409D2BE9C7DB00C16D81 /* Sources */,
				AF03409E2BE9C7DB00C16D81 /* Frameworks */,
				AF03409F2BE9C7DB00C16D81 /* Resources */,
			);
			buildRules = (
			);
			dependencies = (
			);
			name = PageControllerStoryboards;
			productName = PageControllerStoryboards;
			productReference = AF0340A12BE9C7DB00C16D81 /* PageControllerStoryboards.app */;
			productType = "com.apple.product-type.application";
		};
/* End PBXNativeTarget section */

/* Begin PBXProject section */
		AF0340992BE9C7DB00C16D81 /* Project object */ = {
			isa = PBXProject;
			attributes = {
				BuildIndependentTargetsInParallel = 1;
				LastSwiftUpdateCheck = 1530;
				LastUpgradeCheck = 1530;
				TargetAttributes = {
					AF0340A02BE9C7DB00C16D81 = {
						CreatedOnToolsVersion = 15.3;
					};
				};
			};
			buildConfigurationList = AF03409C2BE9C7DB00C16D81 /* Build configuration list for PBXProject "PageControllerStoryboards" */;
			compatibilityVersion = "Xcode 14.0";
			developmentRegion = en;
			hasScannedForEncodings = 0;
			knownRegions = (
				en,
				Base,
			);
			mainGroup = AF0340982BE9C7DB00C16D81;
			productRefGroup = AF0340A22BE9C7DB00C16D81 /* Products */;
			projectDirPath = "";
			projectRoot = "";
			targets = (
				AF0340A02BE9C7DB00C16D81 /* PageControllerStoryboards */,
			);
		};
/* End PBXProject section */

/* Begin PBXResourcesBuildPhase section */
		AF03409F2BE9C7DB00C16D81 /* Resources */ = {
			isa = PBXResourcesBuildPhase;
			buildActionMask = 2147483647;
			files = (
				AF0340AE2BE9C7DC00C16D81 /* Assets.xcassets in Resources */,
				AF0340B12BE9C7DC00C16D81 /* Base in Resources */,
				AF0340AC2BE9C7DB00C16D81 /* Base in Resources */,
			);
			runOnlyForDeploymentPostprocessing = 0;
		};
/* End PBXResourcesBuildPhase section */

/* Begin PBXSourcesBuildPhase section */
		AF03409D2BE9C7DB00C16D81 /* Sources */ = {
			isa = PBXSourcesBuildPhase;
			buildActionMask = 2147483647;
			files = (
				AF0340A92BE9C7DB00C16D81 /* ViewController.swift in Sources */,
				AF0340A52BE9C7DB00C16D81 /* AppDelegate.swift in Sources */,
				AF0340A72BE9C7DB00C16D81 /* SceneDelegate.swift in Sources */,
				AF0340BD2BE9CCFA00C16D81 /* SecondViewController.swift in Sources */,
				AF0340BF2BE9CD1000C16D81 /* ThirdViewController.swift in Sources */,
				AF0340B92BE9C96100C16D81 /* PageViewController.swift in Sources */,
			);
			runOnlyForDeploymentPostprocessing = 0;
		};
/* End PBXSourcesBuildPhase section */

/* Begin PBXVariantGroup section */
		AF0340AA2BE9C7DB00C16D81 /* Main.storyboard */ = {
			isa = PBXVariantGroup;
			children = (
				AF0340AB2BE9C7DB00C16D81 /* Base */,
			);
			name = Main.storyboard;
			sourceTree = "<group>";
		};
		AF0340AF2BE9C7DC00C16D81 /* LaunchScreen.storyboard */ = {
			isa = PBXVariantGroup;
			children = (
				AF0340B02BE9C7DC00C16D81 /* Base */,
			);
			name = LaunchScreen.storyboard;
			sourceTree = "<group>";
		};
/* End PBXVariantGroup section */

/* Begin XCBuildConfiguration section */
		AF0340B32BE9C7DC00C16D81 /* Debug */ = {
			isa = XCBuildConfiguration;
			buildSettings = {
				ALWAYS_SEARCH_USER_PATHS = NO;
				ASSETCATALOG_COMPILER_GENERATE_SWIFT_ASSET_SYMBOL_EXTENSIONS = YES;
				CLANG_ANALYZER_NONNULL = YES;
				CLANG_ANALYZER_NUMBER_OBJECT_CONVERSION = YES_AGGRESSIVE;
				CLANG_CXX_LANGUAGE_STANDARD = "gnu++20";
				CLANG_ENABLE_MODULES = YES;
				CLANG_ENABLE_OBJC_ARC = YES;
				CLANG_ENABLE_OBJC_WEAK = YES;
				CLANG_WARN_BLOCK_CAPTURE_AUTORELEASING = YES;
				CLANG_WARN_BOOL_CONVERSION = YES;
				CLANG_WARN_COMMA = YES;
				CLANG_WARN_CONSTANT_CONVERSION = YES;
				CLANG_WARN_DEPRECATED_OBJC_IMPLEMENTATIONS = YES;
				CLANG_WARN_DIRECT_OBJC_ISA_USAGE = YES_ERROR;
				CLANG_WARN_DOCUMENTATION_COMMENTS = YES;
				CLANG_WARN_EMPTY_BODY = YES;
				CLANG_WARN_ENUM_CONVERSION = YES;
				CLANG_WARN_INFINITE_RECURSION = YES;
				CLANG_WARN_INT_CONVERSION = YES;
				CLANG_WARN_NON_LITERAL_NULL_CONVERSION = YES;
				CLANG_WARN_OBJC_IMPLICIT_RETAIN_SELF = YES;
				CLANG_WARN_OBJC_LITERAL_CONVERSION = YES;
				CLANG_WARN_OBJC_ROOT_CLASS = YES_ERROR;
				CLANG_WARN_QUOTED_INCLUDE_IN_FRAMEWORK_HEADER = YES;
				CLANG_WARN_RANGE_LOOP_ANALYSIS = YES;
				CLANG_WARN_STRICT_PROTOTYPES = YES;
				CLANG_WARN_SUSPICIOUS_MOVE = YES;
				CLANG_WARN_UNGUARDED_AVAILABILITY = YES_AGGRESSIVE;
				CLANG_WARN_UNREACHABLE_CODE = YES;
				CLANG_WARN__DUPLICATE_METHOD_MATCH = YES;
				COPY_PHASE_STRIP = NO;
				DEBUG_INFORMATION_FORMAT = dwarf;
				ENABLE_STRICT_OBJC_MSGSEND = YES;
				ENABLE_TESTABILITY = YES;
				ENABLE_USER_SCRIPT_SANDBOXING = YES;
				GCC_C_LANGUAGE_STANDARD = gnu17;
				GCC_DYNAMIC_NO_PIC = NO;
				GCC_NO_COMMON_BLOCKS = YES;
				GCC_OPTIMIZATION_LEVEL = 0;
				GCC_PREPROCESSOR_DEFINITIONS = (
					"DEBUG=1",
					"$(inherited)",
				);
				GCC_WARN_64_TO_32_BIT_CONVERSION = YES;
				GCC_WARN_ABOUT_RETURN_TYPE = YES_ERROR;
				GCC_WARN_UNDECLARED_SELECTOR = YES;
				GCC_WARN_UNINITIALIZED_AUTOS = YES_AGGRESSIVE;
				GCC_WARN_UNUSED_FUNCTION = YES;
				GCC_WARN_UNUSED_VARIABLE = YES;
				IPHONEOS_DEPLOYMENT_TARGET = 17.4;
				LOCALIZATION_PREFERS_STRING_CATALOGS = YES;
				MTL_ENABLE_DEBUG_INFO = INCLUDE_SOURCE;
				MTL_FAST_MATH = YES;
				ONLY_ACTIVE_ARCH = YES;
				SDKROOT = iphoneos;
				SWIFT_ACTIVE_COMPILATION_CONDITIONS = "DEBUG $(inherited)";
				SWIFT_OPTIMIZATION_LEVEL = "-Onone";
			};
			name = Debug;
		};
		AF0340B42BE9C7DC00C16D81 /* Release */ = {
			isa = XCBuildConfiguration;
			buildSettings = {
				ALWAYS_SEARCH_USER_PATHS = NO;
				ASSETCATALOG_COMPILER_GENERATE_SWIFT_ASSET_SYMBOL_EXTENSIONS = YES;
				CLANG_ANALYZER_NONNULL = YES;
				CLANG_ANALYZER_NUMBER_OBJECT_CONVERSION = YES_AGGRESSIVE;
				CLANG_CXX_LANGUAGE_STANDARD = "gnu++20";
				CLANG_ENABLE_MODULES = YES;
				CLANG_ENABLE_OBJC_ARC = YES;
				CLANG_ENABLE_OBJC_WEAK = YES;
				CLANG_WARN_BLOCK_CAPTURE_AUTORELEASING = YES;
				CLANG_WARN_BOOL_CONVERSION = YES;
				CLANG_WARN_COMMA = YES;
				CLANG_WARN_CONSTANT_CONVERSION = YES;
				CLANG_WARN_DEPRECATED_OBJC_IMPLEMENTATIONS = YES;
				CLANG_WARN_DIRECT_OBJC_ISA_USAGE = YES_ERROR;
				CLANG_WARN_DOCUMENTATION_COMMENTS = YES;
				CLANG_WARN_EMPTY_BODY = YES;
				CLANG_WARN_ENUM_CONVERSION = YES;
				CLANG_WARN_INFINITE_RECURSION = YES;
				CLANG_WARN_INT_CONVERSION = YES;
				CLANG_WARN_NON_LITERAL_NULL_CONVERSION = YES;
				CLANG_WARN_OBJC_IMPLICIT_RETAIN_SELF = YES;
				CLANG_WARN_OBJC_LITERAL_CONVERSION = YES;
				CLANG_WARN_OBJC_ROOT_CLASS = YES_ERROR;
				CLANG_WARN_QUOTED_INCLUDE_IN_FRAMEWORK_HEADER = YES;
				CLANG_WARN_RANGE_LOOP_ANALYSIS = YES;
				CLANG_WARN_STRICT_PROTOTYPES = YES;
				CLANG_WARN_SUSPICIOUS_MOVE = YES;
				CLANG_WARN_UNGUARDED_AVAILABILITY = YES_AGGRESSIVE;
				CLANG_WARN_UNREACHABLE_CODE = YES;
				CLANG_WARN__DUPLICATE_METHOD_MATCH = YES;
				COPY_PHASE_STRIP = NO;
				DEBUG_INFORMATION_FORMAT = "dwarf-with-dsym";
				ENABLE_NS_ASSERTIONS = NO;
				ENABLE_STRICT_OBJC_MSGSEND = YES;
				ENABLE_USER_SCRIPT_SANDBOXING = YES;
				GCC_C_LANGUAGE_STANDARD = gnu17;
				GCC_NO_COMMON_BLOCKS = YES;
				GCC_WARN_64_TO_32_BIT_CONVERSION = YES;
				GCC_WARN_ABOUT_RETURN_TYPE = YES_ERROR;
				GCC_WARN_UNDECLARED_SELECTOR = YES;
				GCC_WARN_UNINITIALIZED_AUTOS = YES_AGGRESSIVE;
				GCC_WARN_UNUSED_FUNCTION = YES;
				GCC_WARN_UNUSED_VARIABLE = YES;
				IPHONEOS_DEPLOYMENT_TARGET = 17.4;
				LOCALIZATION_PREFERS_STRING_CATALOGS = YES;
				MTL_ENABLE_DEBUG_INFO = NO;
				MTL_FAST_MATH = YES;
				SDKROOT = iphoneos;
				SWIFT_COMPILATION_MODE = wholemodule;
				VALIDATE_PRODUCT = YES;
			};
			name = Release;
		};
		AF0340B62BE9C7DC00C16D81 /* Debug */ = {
			isa = XCBuildConfiguration;
			buildSettings = {
				ASSETCATALOG_COMPILER_APPICON_NAME = AppIcon;
				ASSETCATALOG_COMPILER_GLOBAL_ACCENT_COLOR_NAME = AccentColor;
				CODE_SIGN_STYLE = Automatic;
				CURRENT_PROJECT_VERSION = 1;
				DEVELOPMENT_TEAM = 2UYY48S9AB;
				GENERATE_INFOPLIST_FILE = YES;
				INFOPLIST_FILE = PageControllerStoryboards/Info.plist;
				INFOPLIST_KEY_UIApplicationSupportsIndirectInputEvents = YES;
				INFOPLIST_KEY_UILaunchStoryboardName = LaunchScreen;
				INFOPLIST_KEY_UIMainStoryboardFile = Main;
				INFOPLIST_KEY_UISupportedInterfaceOrientations_iPad = "UIInterfaceOrientationPortrait UIInterfaceOrientationPortraitUpsideDown UIInterfaceOrientationLandscapeLeft UIInterfaceOrientationLandscapeRight";
				INFOPLIST_KEY_UISupportedInterfaceOrientations_iPhone = "UIInterfaceOrientationPortrait UIInterfaceOrientationLandscapeLeft UIInterfaceOrientationLandscapeRight";
				LD_RUNPATH_SEARCH_PATHS = (
					"$(inherited)",
					"@executable_path/Frameworks",
				);
				MARKETING_VERSION = 1.0;
				PRODUCT_BUNDLE_IDENTIFIER = com.example.PageControllerStoryboards;
				PRODUCT_NAME = "$(TARGET_NAME)";
				SWIFT_EMIT_LOC_STRINGS = YES;
				SWIFT_VERSION = 5.0;
				TARGETED_DEVICE_FAMILY = "1,2";
			};
			name = Debug;
		};
		AF0340B72BE9C7DC00C16D81 /* Release */ = {
			isa = XCBuildConfiguration;
			buildSettings = {
				ASSETCATALOG_COMPILER_APPICON_NAME = AppIcon;
				ASSETCATALOG_COMPILER_GLOBAL_ACCENT_COLOR_NAME = AccentColor;
				CODE_SIGN_STYLE = Automatic;
				CURRENT_PROJECT_VERSION = 1;
				DEVELOPMENT_TEAM = 2UYY48S9AB;
				GENERATE_INFOPLIST_FILE = YES;
				INFOPLIST_FILE = PageControllerStoryboards/Info.plist;
				INFOPLIST_KEY_UIApplicationSupportsIndirectInputEvents = YES;
				INFOPLIST_KEY_UILaunchStoryboardName = LaunchScreen;
				INFOPLIST_KEY_UIMainStoryboardFile = Main;
				INFOPLIST_KEY_UISupportedInterfaceOrientations_iPad = "UIInterfaceOrientationPortrait UIInterfaceOrientationPortraitUpsideDown UIInterfaceOrientationLandscapeLeft UIInterfaceOrientationLandscapeRight";
				INFOPLIST_KEY_UISupportedInterfaceOrientations_iPhone = "UIInterfaceOrientationPortrait UIInterfaceOrientationLandscapeLeft UIInterfaceOrientationLandscapeRight";
				LD_RUNPATH_SEARCH_PATHS = (
					"$(inherited)",
					"@executable_path/Frameworks",
				);
				MARKETING_VERSION = 1.0;
				PRODUCT_BUNDLE_IDENTIFIER = com.example.PageControllerStoryboards;
				PRODUCT_NAME = "$(TARGET_NAME)";
				SWIFT_EMIT_LOC_STRINGS = YES;
				SWIFT_VERSION = 5.0;
				TARGETED_DEVICE_FAMILY = "1,2";
			};
			name = Release;
		};
/* End XCBuildConfiguration section */

/* Begin XCConfigurationList section */
		AF03409C2BE9C7DB00C16D81 /* Build configuration list for PBXProject "PageControllerStoryboards" */ = {
			isa = XCConfigurationList;
			buildConfigurations = (
				AF0340B32BE9C7DC00C16D81 /* Debug */,
				AF0340B42BE9C7DC00C16D81 /* Release */,
			);
			defaultConfigurationIsVisible = 0;
			defaultConfigurationName = Release;
		};
		AF0340B52BE9C7DC00C16D81 /* Build configuration list for PBXNativeTarget "PageControllerStoryboards" */ = {
			isa = XCConfigurationList;
			buildConfigurations = (
				AF0340B62BE9C7DC00C16D81 /* Debug */,
				AF0340B72BE9C7DC00C16D81 /* Release */,
			);
			defaultConfigurationIsVisible = 0;
			defaultConfigurationName = Release;
		};
/* End XCConfigurationList section */
	};
	rootObject = AF0340992BE9C7DB00C16D81 /* Project object */;
}
